// !$*UTF8*$!
{
	archiveVersion = 1;
	classes = {
	};
	objectVersion = 50;
	objects = {

/* Begin PBXBuildFile section */
		A7B80FEB21B2815C0056C40C /* AppDelegate.swift in Sources */ = {isa = PBXBuildFile; fileRef = A7B80FEA21B2815C0056C40C /* AppDelegate.swift */; };
		A7B80FED21B2815C0056C40C /* ViewController.swift in Sources */ = {isa = PBXBuildFile; fileRef = A7B80FEC21B2815C0056C40C /* ViewController.swift */; };
		A7B80FF021B2815C0056C40C /* Main.storyboard in Resources */ = {isa = PBXBuildFile; fileRef = A7B80FEE21B2815C0056C40C /* Main.storyboard */; };
		A7B80FF221B2815E0056C40C /* Assets.xcassets in Resources */ = {isa = PBXBuildFile; fileRef = A7B80FF121B2815E0056C40C /* Assets.xcassets */; };
		A7B80FF521B2815E0056C40C /* LaunchScreen.storyboard in Resources */ = {isa = PBXBuildFile; fileRef = A7B80FF321B2815E0056C40C /* LaunchScreen.storyboard */; };
		A7B8101121B287680056C40C /* Roboto-Thin.ttf in Resources */ = {isa = PBXBuildFile; fileRef = A7B80FFF21B287670056C40C /* Roboto-Thin.ttf */; };
		A7B8101221B287680056C40C /* RobotoCondensed-BoldItalic.ttf in Resources */ = {isa = PBXBuildFile; fileRef = A7B8100021B287670056C40C /* RobotoCondensed-BoldItalic.ttf */; };
		A7B8101321B287680056C40C /* RobotoCondensed-LightItalic.ttf in Resources */ = {isa = PBXBuildFile; fileRef = A7B8100121B287670056C40C /* RobotoCondensed-LightItalic.ttf */; };
		A7B8101421B287680056C40C /* RobotoCondensed-Regular.ttf in Resources */ = {isa = PBXBuildFile; fileRef = A7B8100221B287670056C40C /* RobotoCondensed-Regular.ttf */; };
		A7B8101521B287680056C40C /* Roboto-Italic.ttf in Resources */ = {isa = PBXBuildFile; fileRef = A7B8100321B287670056C40C /* Roboto-Italic.ttf */; };
		A7B8101621B287680056C40C /* Roboto-LightItalic.ttf in Resources */ = {isa = PBXBuildFile; fileRef = A7B8100421B287670056C40C /* Roboto-LightItalic.ttf */; };
		A7B8101721B287680056C40C /* Roboto-Medium.ttf in Resources */ = {isa = PBXBuildFile; fileRef = A7B8100521B287680056C40C /* Roboto-Medium.ttf */; };
		A7B8101821B287680056C40C /* Roboto-BoldItalic.ttf in Resources */ = {isa = PBXBuildFile; fileRef = A7B8100621B287680056C40C /* Roboto-BoldItalic.ttf */; };
		A7B8101921B287680056C40C /* Roboto-Bold.ttf in Resources */ = {isa = PBXBuildFile; fileRef = A7B8100721B287680056C40C /* Roboto-Bold.ttf */; };
		A7B8101A21B287680056C40C /* Roboto-MediumItalic.ttf in Resources */ = {isa = PBXBuildFile; fileRef = A7B8100821B287680056C40C /* Roboto-MediumItalic.ttf */; };
		A7B8101B21B287680056C40C /* RobotoCondensed-Bold.ttf in Resources */ = {isa = PBXBuildFile; fileRef = A7B8100921B287680056C40C /* RobotoCondensed-Bold.ttf */; };
		A7B8101C21B287680056C40C /* Roboto-Regular.ttf in Resources */ = {isa = PBXBuildFile; fileRef = A7B8100A21B287680056C40C /* Roboto-Regular.ttf */; };
		A7B8101D21B287680056C40C /* Roboto-ThinItalic.ttf in Resources */ = {isa = PBXBuildFile; fileRef = A7B8100B21B287680056C40C /* Roboto-ThinItalic.ttf */; };
		A7B8101E21B287680056C40C /* Roboto-Black.ttf in Resources */ = {isa = PBXBuildFile; fileRef = A7B8100C21B287680056C40C /* Roboto-Black.ttf */; };
		A7B8101F21B287680056C40C /* RobotoCondensed-Light.ttf in Resources */ = {isa = PBXBuildFile; fileRef = A7B8100D21B287680056C40C /* RobotoCondensed-Light.ttf */; };
		A7B8102021B287680056C40C /* Roboto-Light.ttf in Resources */ = {isa = PBXBuildFile; fileRef = A7B8100E21B287680056C40C /* Roboto-Light.ttf */; };
		A7B8102121B287680056C40C /* RobotoCondensed-Italic.ttf in Resources */ = {isa = PBXBuildFile; fileRef = A7B8100F21B287680056C40C /* RobotoCondensed-Italic.ttf */; };
		A7B8102221B287680056C40C /* Roboto-BlackItalic.ttf in Resources */ = {isa = PBXBuildFile; fileRef = A7B8101021B287680056C40C /* Roboto-BlackItalic.ttf */; };
/* End PBXBuildFile section */

/* Begin PBXFileReference section */
		A7B80FE721B2815C0056C40C /* Quotes.app */ = {isa = PBXFileReference; explicitFileType = wrapper.application; includeInIndex = 0; path = Quotes.app; sourceTree = BUILT_PRODUCTS_DIR; };
		A7B80FEA21B2815C0056C40C /* AppDelegate.swift */ = {isa = PBXFileReference; lastKnownFileType = sourcecode.swift; path = AppDelegate.swift; sourceTree = "<group>"; };
		A7B80FEC21B2815C0056C40C /* ViewController.swift */ = {isa = PBXFileReference; lastKnownFileType = sourcecode.swift; path = ViewController.swift; sourceTree = "<group>"; };
		A7B80FEF21B2815C0056C40C /* Base */ = {isa = PBXFileReference; lastKnownFileType = file.storyboard; name = Base; path = Base.lproj/Main.storyboard; sourceTree = "<group>"; };
		A7B80FF121B2815E0056C40C /* Assets.xcassets */ = {isa = PBXFileReference; lastKnownFileType = folder.assetcatalog; path = Assets.xcassets; sourceTree = "<group>"; };
		A7B80FF421B2815E0056C40C /* Base */ = {isa = PBXFileReference; lastKnownFileType = file.storyboard; name = Base; path = Base.lproj/LaunchScreen.storyboard; sourceTree = "<group>"; };
		A7B80FF621B2815E0056C40C /* Info.plist */ = {isa = PBXFileReference; lastKnownFileType = text.plist.xml; path = Info.plist; sourceTree = "<group>"; };
		A7B80FFF21B287670056C40C /* Roboto-Thin.ttf */ = {isa = PBXFileReference; lastKnownFileType = file; path = "Roboto-Thin.ttf"; sourceTree = "<group>"; };
		A7B8100021B287670056C40C /* RobotoCondensed-BoldItalic.ttf */ = {isa = PBXFileReference; lastKnownFileType = file; path = "RobotoCondensed-BoldItalic.ttf"; sourceTree = "<group>"; };
		A7B8100121B287670056C40C /* RobotoCondensed-LightItalic.ttf */ = {isa = PBXFileReference; lastKnownFileType = file; path = "RobotoCondensed-LightItalic.ttf"; sourceTree = "<group>"; };
		A7B8100221B287670056C40C /* RobotoCondensed-Regular.ttf */ = {isa = PBXFileReference; lastKnownFileType = file; path = "RobotoCondensed-Regular.ttf"; sourceTree = "<group>"; };
		A7B8100321B287670056C40C /* Roboto-Italic.ttf */ = {isa = PBXFileReference; lastKnownFileType = file; path = "Roboto-Italic.ttf"; sourceTree = "<group>"; };
		A7B8100421B287670056C40C /* Roboto-LightItalic.ttf */ = {isa = PBXFileReference; lastKnownFileType = file; path = "Roboto-LightItalic.ttf"; sourceTree = "<group>"; };
		A7B8100521B287680056C40C /* Roboto-Medium.ttf */ = {isa = PBXFileReference; lastKnownFileType = file; path = "Roboto-Medium.ttf"; sourceTree = "<group>"; };
		A7B8100621B287680056C40C /* Roboto-BoldItalic.ttf */ = {isa = PBXFileReference; lastKnownFileType = file; path = "Roboto-BoldItalic.ttf"; sourceTree = "<group>"; };
		A7B8100721B287680056C40C /* Roboto-Bold.ttf */ = {isa = PBXFileReference; lastKnownFileType = file; path = "Roboto-Bold.ttf"; sourceTree = "<group>"; };
		A7B8100821B287680056C40C /* Roboto-MediumItalic.ttf */ = {isa = PBXFileReference; lastKnownFileType = file; path = "Roboto-MediumItalic.ttf"; sourceTree = "<group>"; };
		A7B8100921B287680056C40C /* RobotoCondensed-Bold.ttf */ = {isa = PBXFileReference; lastKnownFileType = file; path = "RobotoCondensed-Bold.ttf"; sourceTree = "<group>"; };
		A7B8100A21B287680056C40C /* Roboto-Regular.ttf */ = {isa = PBXFileReference; lastKnownFileType = file; path = "Roboto-Regular.ttf"; sourceTree = "<group>"; };
		A7B8100B21B287680056C40C /* Roboto-ThinItalic.ttf */ = {isa = PBXFileReference; lastKnownFileType = file; path = "Roboto-ThinItalic.ttf"; sourceTree = "<group>"; };
		A7B8100C21B287680056C40C /* Roboto-Black.ttf */ = {isa = PBXFileReference; lastKnownFileType = file; path = "Roboto-Black.ttf"; sourceTree = "<group>"; };
		A7B8100D21B287680056C40C /* RobotoCondensed-Light.ttf */ = {isa = PBXFileReference; lastKnownFileType = file; path = "RobotoCondensed-Light.ttf"; sourceTree = "<group>"; };
		A7B8100E21B287680056C40C /* Roboto-Light.ttf */ = {isa = PBXFileReference; lastKnownFileType = file; path = "Roboto-Light.ttf"; sourceTree = "<group>"; };
		A7B8100F21B287680056C40C /* RobotoCondensed-Italic.ttf */ = {isa = PBXFileReference; lastKnownFileType = file; path = "RobotoCondensed-Italic.ttf"; sourceTree = "<group>"; };
		A7B8101021B287680056C40C /* Roboto-BlackItalic.ttf */ = {isa = PBXFileReference; lastKnownFileType = file; path = "Roboto-BlackItalic.ttf"; sourceTree = "<group>"; };
/* End PBXFileReference section */

/* Begin PBXFrameworksBuildPhase section */
		A7B80FE421B2815C0056C40C /* Frameworks */ = {
			isa = PBXFrameworksBuildPhase;
			buildActionMask = 2147483647;
			files = (
			);
			runOnlyForDeploymentPostprocessing = 0;
		};
/* End PBXFrameworksBuildPhase section */

/* Begin PBXGroup section */
		A7B80FDE21B2815C0056C40C = {
			isa = PBXGroup;
			children = (
				A7B80FE921B2815C0056C40C /* Quotes */,
				A7B80FE821B2815C0056C40C /* Products */,
			);
			sourceTree = "<group>";
		};
		A7B80FE821B2815C0056C40C /* Products */ = {
			isa = PBXGroup;
			children = (
				A7B80FE721B2815C0056C40C /* Quotes.app */,
			);
			name = Products;
			sourceTree = "<group>";
		};
		A7B80FE921B2815C0056C40C /* Quotes */ = {
			isa = PBXGroup;
			children = (
				A7B80FFC21B2817E0056C40C /* Supporting */,
				A7B80FEC21B2815C0056C40C /* ViewController.swift */,
				A7B80FEE21B2815C0056C40C /* Main.storyboard */,
			);
			path = Quotes;
			sourceTree = "<group>";
		};
		A7B80FFC21B2817E0056C40C /* Supporting */ = {
			isa = PBXGroup;
			children = (
				A7B80FFE21B287550056C40C /* Fonts */,
				A7B80FF621B2815E0056C40C /* Info.plist */,
				A7B80FF121B2815E0056C40C /* Assets.xcassets */,
				A7B80FF321B2815E0056C40C /* LaunchScreen.storyboard */,
				A7B80FEA21B2815C0056C40C /* AppDelegate.swift */,
			);
			name = Supporting;
			sourceTree = "<group>";
		};
		A7B80FFE21B287550056C40C /* Fonts */ = {
			isa = PBXGroup;
			children = (
				A7B8100C21B287680056C40C /* Roboto-Black.ttf */,
				A7B8101021B287680056C40C /* Roboto-BlackItalic.ttf */,
				A7B8100721B287680056C40C /* Roboto-Bold.ttf */,
				A7B8100621B287680056C40C /* Roboto-BoldItalic.ttf */,
				A7B8100321B287670056C40C /* Roboto-Italic.ttf */,
				A7B8100E21B287680056C40C /* Roboto-Light.ttf */,
				A7B8100421B287670056C40C /* Roboto-LightItalic.ttf */,
				A7B8100521B287680056C40C /* Roboto-Medium.ttf */,
				A7B8100821B287680056C40C /* Roboto-MediumItalic.ttf */,
				A7B8100A21B287680056C40C /* Roboto-Regular.ttf */,
				A7B80FFF21B287670056C40C /* Roboto-Thin.ttf */,
				A7B8100B21B287680056C40C /* Roboto-ThinItalic.ttf */,
				A7B8100921B287680056C40C /* RobotoCondensed-Bold.ttf */,
				A7B8100021B287670056C40C /* RobotoCondensed-BoldItalic.ttf */,
				A7B8100F21B287680056C40C /* RobotoCondensed-Italic.ttf */,
				A7B8100D21B287680056C40C /* RobotoCondensed-Light.ttf */,
				A7B8100121B287670056C40C /* RobotoCondensed-LightItalic.ttf */,
				A7B8100221B287670056C40C /* RobotoCondensed-Regular.ttf */,
			);
			path = Fonts;
			sourceTree = "<group>";
		};
/* End PBXGroup section */

/* Begin PBXNativeTarget section */
		A7B80FE621B2815C0056C40C /* Quotes */ = {
			isa = PBXNativeTarget;
			buildConfigurationList = A7B80FF921B2815E0056C40C /* Build configuration list for PBXNativeTarget "Quotes" */;
			buildPhases = (
				A7B80FE321B2815C0056C40C /* Sources */,
				A7B80FE421B2815C0056C40C /* Frameworks */,
				A7B80FE521B2815C0056C40C /* Resources */,
			);
			buildRules = (
			);
			dependencies = (
			);
			name = Quotes;
			productName = Quotes;
			productReference = A7B80FE721B2815C0056C40C /* Quotes.app */;
			productType = "com.apple.product-type.application";
		};
/* End PBXNativeTarget section */

/* Begin PBXProject section */
		A7B80FDF21B2815C0056C40C /* Project object */ = {
			isa = PBXProject;
			attributes = {
				LastSwiftUpdateCheck = 1010;
				LastUpgradeCheck = 1010;
				ORGANIZATIONNAME = "Suyogya Ratna Tamrakar";
				TargetAttributes = {
					A7B80FE621B2815C0056C40C = {
						CreatedOnToolsVersion = 10.1;
					};
				};
			};
			buildConfigurationList = A7B80FE221B2815C0056C40C /* Build configuration list for PBXProject "Quotes" */;
			compatibilityVersion = "Xcode 9.3";
			developmentRegion = en;
			hasScannedForEncodings = 0;
			knownRegions = (
				en,
				Base,
			);
			mainGroup = A7B80FDE21B2815C0056C40C;
			productRefGroup = A7B80FE821B2815C0056C40C /* Products */;
			projectDirPath = "";
			projectRoot = "";
			targets = (
				A7B80FE621B2815C0056C40C /* Quotes */,
			);
		};
/* End PBXProject section */

/* Begin PBXResourcesBuildPhase section */
		A7B80FE521B2815C0056C40C /* Resources */ = {
			isa = PBXResourcesBuildPhase;
			buildActionMask = 2147483647;
			files = (
				A7B8101721B287680056C40C /* Roboto-Medium.ttf in Resources */,
				A7B8101821B287680056C40C /* Roboto-BoldItalic.ttf in Resources */,
				A7B8101A21B287680056C40C /* Roboto-MediumItalic.ttf in Resources */,
				A7B8101921B287680056C40C /* Roboto-Bold.ttf in Resources */,
				A7B8101B21B287680056C40C /* RobotoCondensed-Bold.ttf in Resources */,
				A7B8101E21B287680056C40C /* Roboto-Black.ttf in Resources */,
				A7B8101321B287680056C40C /* RobotoCondensed-LightItalic.ttf in Resources */,
				A7B8101221B287680056C40C /* RobotoCondensed-BoldItalic.ttf in Resources */,
				A7B8101421B287680056C40C /* RobotoCondensed-Regular.ttf in Resources */,
				A7B8102121B287680056C40C /* RobotoCondensed-Italic.ttf in Resources */,
				A7B8102221B287680056C40C /* Roboto-BlackItalic.ttf in Resources */,
				A7B8101121B287680056C40C /* Roboto-Thin.ttf in Resources */,
				A7B8102021B287680056C40C /* Roboto-Light.ttf in Resources */,
				A7B8101F21B287680056C40C /* RobotoCondensed-Light.ttf in Resources */,
				A7B80FF521B2815E0056C40C /* LaunchScreen.storyboard in Resources */,
				A7B8101621B287680056C40C /* Roboto-LightItalic.ttf in Resources */,
				A7B8101521B287680056C40C /* Roboto-Italic.ttf in Resources */,
				A7B8101D21B287680056C40C /* Roboto-ThinItalic.ttf in Resources */,
				A7B8101C21B287680056C40C /* Roboto-Regular.ttf in Resources */,
				A7B80FF221B2815E0056C40C /* Assets.xcassets in Resources */,
				A7B80FF021B2815C0056C40C /* Main.storyboard in Resources */,
			);
			runOnlyForDeploymentPostprocessing = 0;
		};
/* End PBXResourcesBuildPhase section */

/* Begin PBXSourcesBuildPhase section */
		A7B80FE321B2815C0056C40C /* Sources */ = {
			isa = PBXSourcesBuildPhase;
			buildActionMask = 2147483647;
			files = (
				A7B80FED21B2815C0056C40C /* ViewController.swift in Sources */,
				A7B80FEB21B2815C0056C40C /* AppDelegate.swift in Sources */,
			);
			runOnlyForDeploymentPostprocessing = 0;
		};
/* End PBXSourcesBuildPhase section */

/* Begin PBXVariantGroup section */
		A7B80FEE21B2815C0056C40C /* Main.storyboard */ = {
			isa = PBXVariantGroup;
			children = (
				A7B80FEF21B2815C0056C40C /* Base */,
			);
			name = Main.storyboard;
			sourceTree = "<group>";
		};
		A7B80FF321B2815E0056C40C /* LaunchScreen.storyboard */ = {
			isa = PBXVariantGroup;
			children = (
				A7B80FF421B2815E0056C40C /* Base */,
			);
			name = LaunchScreen.storyboard;
			sourceTree = "<group>";
		};
/* End PBXVariantGroup section */

/* Begin XCBuildConfiguration section */
		A7B80FF721B2815E0056C40C /* Debug */ = {
			isa = XCBuildConfiguration;
			buildSettings = {
				ALWAYS_SEARCH_USER_PATHS = NO;
				CLANG_ANALYZER_NONNULL = YES;
				CLANG_ANALYZER_NUMBER_OBJECT_CONVERSION = YES_AGGRESSIVE;
				CLANG_CXX_LANGUAGE_STANDARD = "gnu++14";
				CLANG_CXX_LIBRARY = "libc++";
				CLANG_ENABLE_MODULES = YES;
				CLANG_ENABLE_OBJC_ARC = YES;
				CLANG_ENABLE_OBJC_WEAK = YES;
				CLANG_WARN_BLOCK_CAPTURE_AUTORELEASING = YES;
				CLANG_WARN_BOOL_CONVERSION = YES;
				CLANG_WARN_COMMA = YES;
				CLANG_WARN_CONSTANT_CONVERSION = YES;
				CLANG_WARN_DEPRECATED_OBJC_IMPLEMENTATIONS = YES;
				CLANG_WARN_DIRECT_OBJC_ISA_USAGE = YES_ERROR;
				CLANG_WARN_DOCUMENTATION_COMMENTS = YES;
				CLANG_WARN_EMPTY_BODY = YES;
				CLANG_WARN_ENUM_CONVERSION = YES;
				CLANG_WARN_INFINITE_RECURSION = YES;
				CLANG_WARN_INT_CONVERSION = YES;
				CLANG_WARN_NON_LITERAL_NULL_CONVERSION = YES;
				CLANG_WARN_OBJC_IMPLICIT_RETAIN_SELF = YES;
				CLANG_WARN_OBJC_LITERAL_CONVERSION = YES;
				CLANG_WARN_OBJC_ROOT_CLASS = YES_ERROR;
				CLANG_WARN_RANGE_LOOP_ANALYSIS = YES;
				CLANG_WARN_STRICT_PROTOTYPES = YES;
				CLANG_WARN_SUSPICIOUS_MOVE = YES;
				CLANG_WARN_UNGUARDED_AVAILABILITY = YES_AGGRESSIVE;
				CLANG_WARN_UNREACHABLE_CODE = YES;
				CLANG_WARN__DUPLICATE_METHOD_MATCH = YES;
				CODE_SIGN_IDENTITY = "iPhone Developer";
				COPY_PHASE_STRIP = NO;
				DEBUG_INFORMATION_FORMAT = dwarf;
				ENABLE_STRICT_OBJC_MSGSEND = YES;
				ENABLE_TESTABILITY = YES;
				GCC_C_LANGUAGE_STANDARD = gnu11;
				GCC_DYNAMIC_NO_PIC = NO;
				GCC_NO_COMMON_BLOCKS = YES;
				GCC_OPTIMIZATION_LEVEL = 0;
				GCC_PREPROCESSOR_DEFINITIONS = (
					"DEBUG=1",
					"$(inherited)",
				);
				GCC_WARN_64_TO_32_BIT_CONVERSION = YES;
				GCC_WARN_ABOUT_RETURN_TYPE = YES_ERROR;
				GCC_WARN_UNDECLARED_SELECTOR = YES;
				GCC_WARN_UNINITIALIZED_AUTOS = YES_AGGRESSIVE;
				GCC_WARN_UNUSED_FUNCTION = YES;
				GCC_WARN_UNUSED_VARIABLE = YES;
				IPHONEOS_DEPLOYMENT_TARGET = 12.1;
				MTL_ENABLE_DEBUG_INFO = INCLUDE_SOURCE;
				MTL_FAST_MATH = YES;
				ONLY_ACTIVE_ARCH = YES;
				SDKROOT = iphoneos;
				SWIFT_ACTIVE_COMPILATION_CONDITIONS = DEBUG;
				SWIFT_OPTIMIZATION_LEVEL = "-Onone";
			};
			name = Debug;
		};
		A7B80FF821B2815E0056C40C /* Release */ = {
			isa = XCBuildConfiguration;
			buildSettings = {
				ALWAYS_SEARCH_USER_PATHS = NO;
				CLANG_ANALYZER_NONNULL = YES;
				CLANG_ANALYZER_NUMBER_OBJECT_CONVERSION = YES_AGGRESSIVE;
				CLANG_CXX_LANGUAGE_STANDARD = "gnu++14";
				CLANG_CXX_LIBRARY = "libc++";
				CLANG_ENABLE_MODULES = YES;
				CLANG_ENABLE_OBJC_ARC = YES;
				CLANG_ENABLE_OBJC_WEAK = YES;
				CLANG_WARN_BLOCK_CAPTURE_AUTORELEASING = YES;
				CLANG_WARN_BOOL_CONVERSION = YES;
				CLANG_WARN_COMMA = YES;
				CLANG_WARN_CONSTANT_CONVERSION = YES;
				CLANG_WARN_DEPRECATED_OBJC_IMPLEMENTATIONS = YES;
				CLANG_WARN_DIRECT_OBJC_ISA_USAGE = YES_ERROR;
				CLANG_WARN_DOCUMENTATION_COMMENTS = YES;
				CLANG_WARN_EMPTY_BODY = YES;
				CLANG_WARN_ENUM_CONVERSION = YES;
				CLANG_WARN_INFINITE_RECURSION = YES;
				CLANG_WARN_INT_CONVERSION = YES;
				CLANG_WARN_NON_LITERAL_NULL_CONVERSION = YES;
				CLANG_WARN_OBJC_IMPLICIT_RETAIN_SELF = YES;
				CLANG_WARN_OBJC_LITERAL_CONVERSION = YES;
				CLANG_WARN_OBJC_ROOT_CLASS = YES_ERROR;
				CLANG_WARN_RANGE_LOOP_ANALYSIS = YES;
				CLANG_WARN_STRICT_PROTOTYPES = YES;
				CLANG_WARN_SUSPICIOUS_MOVE = YES;
				CLANG_WARN_UNGUARDED_AVAILABILITY = YES_AGGRESSIVE;
				CLANG_WARN_UNREACHABLE_CODE = YES;
				CLANG_WARN__DUPLICATE_METHOD_MATCH = YES;
				CODE_SIGN_IDENTITY = "iPhone Developer";
				COPY_PHASE_STRIP = NO;
				DEBUG_INFORMATION_FORMAT = "dwarf-with-dsym";
				ENABLE_NS_ASSERTIONS = NO;
				ENABLE_STRICT_OBJC_MSGSEND = YES;
				GCC_C_LANGUAGE_STANDARD = gnu11;
				GCC_NO_COMMON_BLOCKS = YES;
				GCC_WARN_64_TO_32_BIT_CONVERSION = YES;
				GCC_WARN_ABOUT_RETURN_TYPE = YES_ERROR;
				GCC_WARN_UNDECLARED_SELECTOR = YES;
				GCC_WARN_UNINITIALIZED_AUTOS = YES_AGGRESSIVE;
				GCC_WARN_UNUSED_FUNCTION = YES;
				GCC_WARN_UNUSED_VARIABLE = YES;
				IPHONEOS_DEPLOYMENT_TARGET = 12.1;
				MTL_ENABLE_DEBUG_INFO = NO;
				MTL_FAST_MATH = YES;
				SDKROOT = iphoneos;
				SWIFT_COMPILATION_MODE = wholemodule;
				SWIFT_OPTIMIZATION_LEVEL = "-O";
				VALIDATE_PRODUCT = YES;
			};
			name = Release;
		};
		A7B80FFA21B2815E0056C40C /* Debug */ = {
			isa = XCBuildConfiguration;
			buildSettings = {
				ASSETCATALOG_COMPILER_APPICON_NAME = AppIcon;
				CODE_SIGN_STYLE = Automatic;
				DEVELOPMENT_TEAM = HHJVU2857R;
				INFOPLIST_FILE = Quotes/Info.plist;
				LD_RUNPATH_SEARCH_PATHS = (
					"$(inherited)",
					"@executable_path/Frameworks",
				);
				PRODUCT_BUNDLE_IDENTIFIER = com.suyogyart.Quotes;
				PRODUCT_NAME = "$(TARGET_NAME)";
				SWIFT_VERSION = 4.2;
				TARGETED_DEVICE_FAMILY = "1,2";
			};
			name = Debug;
		};
		A7B80FFB21B2815E0056C40C /* Release */ = {
			isa = XCBuildConfiguration;
			buildSettings = {
				ASSETCATALOG_COMPILER_APPICON_NAME = AppIcon;
				CODE_SIGN_STYLE = Automatic;
				DEVELOPMENT_TEAM = HHJVU2857R;
				INFOPLIST_FILE = Quotes/Info.plist;
				LD_RUNPATH_SEARCH_PATHS = (
					"$(inherited)",
					"@executable_path/Frameworks",
				);
				PRODUCT_BUNDLE_IDENTIFIER = com.suyogyart.Quotes;
				PRODUCT_NAME = "$(TARGET_NAME)";
				SWIFT_VERSION = 4.2;
				TARGETED_DEVICE_FAMILY = "1,2";
			};
			name = Release;
		};
/* End XCBuildConfiguration section */

/* Begin XCConfigurationList section */
		A7B80FE221B2815C0056C40C /* Build configuration list for PBXProject "Quotes" */ = {
			isa = XCConfigurationList;
			buildConfigurations = (
				A7B80FF721B2815E0056C40C /* Debug */,
				A7B80FF821B2815E0056C40C /* Release */,
			);
			defaultConfigurationIsVisible = 0;
			defaultConfigurationName = Release;
		};
		A7B80FF921B2815E0056C40C /* Build configuration list for PBXNativeTarget "Quotes" */ = {
			isa = XCConfigurationList;
			buildConfigurations = (
				A7B80FFA21B2815E0056C40C /* Debug */,
				A7B80FFB21B2815E0056C40C /* Release */,
			);
			defaultConfigurationIsVisible = 0;
			defaultConfigurationName = Release;
		};
/* End XCConfigurationList section */
	};
	rootObject = A7B80FDF21B2815C0056C40C /* Project object */;
}
